
Microsoft Visual Studio Solution File, Format Version 12.00
# Visual Studio Version 17
VisualStudioVersion = 17.12.35514.174
MinimumVisualStudioVersion = 10.0.40219.1
Project("{FAE04EC0-301F-11D3-BF4B-00C04F79EFBC}") = "Managment.Domain", "Managment.Domain\Managment.Domain.csproj", "{A257EED0-AD06-47A2-8227-57AB8BE0610F}"
EndProject
Project("{FAE04EC0-301F-11D3-BF4B-00C04F79EFBC}") = "Management.Infrastucture1", "Management.Infrastucture1\Management.Infrastucture1.csproj", "{D19C060E-DDBF-4E81-B420-62FF1F61407F}"
EndProject
Project("{FAE04EC0-301F-11D3-BF4B-00C04F79EFBC}") = "Management.Aplication", "Management.Aplication\Management.Aplication.csproj", "{3AA9297E-654D-4E76-8C08-3BA4BDB1077B}"
EndProject
Project("{FAE04EC0-301F-11D3-BF4B-00C04F79EFBC}") = "Management.Client", "Management.Client\Management.Client.csproj", "{A363B39F-6C66-455C-9F9B-41228FD1FB93}"
EndProject
Global
	GlobalSection(SolutionConfigurationPlatforms) = preSolution
		Debug|Any CPU = Debug|Any CPU
		Release|Any CPU = Release|Any CPU
	EndGlobalSection
	GlobalSection(ProjectConfigurationPlatforms) = postSolution
		{A257EED0-AD06-47A2-8227-57AB8BE0610F}.Debug|Any CPU.ActiveCfg = Debug|Any CPU
		{A257EED0-AD06-47A2-8227-57AB8BE0610F}.Debug|Any CPU.Build.0 = Debug|Any CPU
		{A257EED0-AD06-47A2-8227-57AB8BE0610F}.Release|Any CPU.ActiveCfg = Release|Any CPU
		{A257EED0-AD06-47A2-8227-57AB8BE0610F}.Release|Any CPU.Build.0 = Release|Any CPU
		{D19C060E-DDBF-4E81-B420-62FF1F61407F}.Debug|Any CPU.ActiveCfg = Debug|Any CPU
		{D19C060E-DDBF-4E81-B420-62FF1F61407F}.Debug|Any CPU.Build.0 = Debug|Any CPU
		{D19C060E-DDBF-4E81-B420-62FF1F61407F}.Release|Any CPU.ActiveCfg = Release|Any CPU
		{D19C060E-DDBF-4E81-B420-62FF1F61407F}.Release|Any CPU.Build.0 = Release|Any CPU
		{3AA9297E-654D-4E76-8C08-3BA4BDB1077B}.Debug|Any CPU.ActiveCfg = Debug|Any CPU
		{3AA9297E-654D-4E76-8C08-3BA4BDB1077B}.Debug|Any CPU.Build.0 = Debug|Any CPU
		{3AA9297E-654D-4E76-8C08-3BA4BDB1077B}.Release|Any CPU.ActiveCfg = Release|Any CPU
		{3AA9297E-654D-4E76-8C08-3BA4BDB1077B}.Release|Any CPU.Build.0 = Release|Any CPU
		{A363B39F-6C66-455C-9F9B-41228FD1FB93}.Debug|Any CPU.ActiveCfg = Debug|Any CPU
		{A363B39F-6C66-455C-9F9B-41228FD1FB93}.Debug|Any CPU.Build.0 = Debug|Any CPU
		{A363B39F-6C66-455C-9F9B-41228FD1FB93}.Release|Any CPU.ActiveCfg = Release|Any CPU
		{A363B39F-6C66-455C-9F9B-41228FD1FB93}.Release|Any CPU.Build.0 = Release|Any CPU
	EndGlobalSection
	GlobalSection(SolutionProperties) = preSolution
		HideSolutionNode = FALSE
	EndGlobalSection
EndGlobal
